
Microsoft Visual Studio Solution File, Format Version 12.00
# Visual Studio Version 17
VisualStudioVersion = 17.5.33516.290
MinimumVisualStudioVersion = 10.0.40219.1
Project("{F184B08F-C81C-45F6-A57F-5ABD9991F28F}") = "CommonControls", "CommonControls\CommonControls.vbproj", "{0FE29F50-6010-4123-AB31-C691B66697B3}"
EndProject
Global
	GlobalSection(SolutionConfigurationPlatforms) = preSolution
		Debug|Any CPU = Debug|Any CPU
		Release|Any CPU = Release|Any CPU
	EndGlobalSection
	GlobalSection(ProjectConfigurationPlatforms) = postSolution
		{0FE29F50-6010-4123-AB31-C691B66697B3}.Debug|Any CPU.ActiveCfg = Debug|Any CPU
		{0FE29F50-6010-4123-AB31-C691B66697B3}.Debug|Any CPU.Build.0 = Debug|Any CPU
		{0FE29F50-6010-4123-AB31-C691B66697B3}.Release|Any CPU.ActiveCfg = Release|Any CPU
		{0FE29F50-6010-4123-AB31-C691B66697B3}.Release|Any CPU.Build.0 = Release|Any CPU
	EndGlobalSection
	GlobalSection(SolutionProperties) = preSolution
		HideSolutionNode = FALSE
	EndGlobalSection
	GlobalSection(ExtensibilityGlobals) = postSolution
		SolutionGuid = {3AA81BCB-873F-4614-9B5D-1B3BD67C6C5C}
	EndGlobalSection
EndGlobal
